{
  "version": 4,
  "terraform_version": "1.14.0",
  "serial": 255,
  "lineage": "9926660f-062d-3b97-0de7-724d58f9512a",
  "outputs": {},
  "resources": [
    {
      "mode": "data",
      "type": "google_project",
      "name": "current",
      "provider": "provider[\"registry.terraform.io/hashicorp/google\"]",
      "instances": [
        {
          "schema_version": 0,
          "attributes": {
            "auto_create_network": null,
            "billing_account": "018DA4-1456AE-01FF4C",
            "deletion_policy": "PREVENT",
            "effective_labels": {},
            "folder_id": null,
            "id": "projects/traffic-generator-479416",
            "labels": {},
            "name": "traffic-generator",
            "number": "202141185106",
            "org_id": null,
            "project_id": "traffic-generator-479416",
            "tags": null,
            "terraform_labels": {}
          },
          "sensitive_attributes": [],
          "identity_schema_version": 0
        }
      ]
    },
    {
      "mode": "managed",
      "type": "google_project_iam_member",
      "name": "dataflow_agent_role",
      "provider": "provider[\"registry.terraform.io/hashicorp/google\"]",
      "instances": [
        {
          "schema_version": 0,
          "attributes": {
            "condition": [],
            "etag": "BwZEibejf90=",
            "id": "traffic-generator-479416/roles/dataflow.serviceAgent/serviceAccount:service-202141185106@dataflow-service-producer-prod.iam.gserviceaccount.com",
            "member": "serviceAccount:service-202141185106@dataflow-service-producer-prod.iam.gserviceaccount.com",
            "project": "traffic-generator-479416",
            "role": "roles/dataflow.serviceAgent"
          },
          "sensitive_attributes": [],
          "identity_schema_version": 0,
          "private": "bnVsbA==",
          "dependencies": [
            "data.google_project.current",
            "module.project_setup.data.google_project.current",
            "module.project_setup.google_project_iam_member.iam_dataflow_service_agent",
            "module.project_setup.google_project_iam_member.iam_df_bq_editor",
            "module.project_setup.google_project_iam_member.iam_df_gcs_admin",
            "module.project_setup.google_project_iam_member.iam_df_worker_role",
            "module.project_setup.google_project_iam_member.iam_vm_gcs_creator",
            "module.project_setup.google_project_iam_member.iam_vm_network_user",
            "module.project_setup.google_project_service.services",
            "module.project_setup.google_service_account.sa_dataflow_worker",
            "module.project_setup.google_service_account.sa_vm_traffic"
          ]
        }
      ]
    },
    {
      "mode": "managed",
      "type": "google_project_iam_member",
      "name": "dataflow_bq_writer",
      "provider": "provider[\"registry.terraform.io/hashicorp/google\"]",
      "instances": [
        {
          "schema_version": 0,
          "attributes": {
            "condition": [],
            "etag": "BwZEibejf90=",
            "id": "traffic-generator-479416/roles/bigquery.dataEditor/serviceAccount:service-202141185106@dataflow-service-producer-prod.iam.gserviceaccount.com",
            "member": "serviceAccount:service-202141185106@dataflow-service-producer-prod.iam.gserviceaccount.com",
            "project": "traffic-generator-479416",
            "role": "roles/bigquery.dataEditor"
          },
          "sensitive_attributes": [],
          "identity_schema_version": 0,
          "private": "bnVsbA==",
          "dependencies": [
            "data.google_project.current",
            "module.project_setup.data.google_project.current",
            "module.project_setup.google_project_iam_member.iam_dataflow_service_agent",
            "module.project_setup.google_project_iam_member.iam_df_bq_editor",
            "module.project_setup.google_project_iam_member.iam_df_gcs_admin",
            "module.project_setup.google_project_iam_member.iam_df_worker_role",
            "module.project_setup.google_project_iam_member.iam_vm_gcs_creator",
            "module.project_setup.google_project_iam_member.iam_vm_network_user",
            "module.project_setup.google_project_service.services",
            "module.project_setup.google_service_account.sa_dataflow_worker",
            "module.project_setup.google_service_account.sa_vm_traffic"
          ]
        }
      ]
    },
    {
      "mode": "managed",
      "type": "google_project_service",
      "name": "services",
      "provider": "provider[\"registry.terraform.io/hashicorp/google\"]",
      "instances": [
        {
          "index_key": "bigquery.googleapis.com",
          "schema_version": 0,
          "attributes": {
            "disable_dependent_services": null,
            "disable_on_destroy": false,
            "id": "traffic-generator-479416/bigquery.googleapis.com",
            "project": "traffic-generator-479416",
            "service": "bigquery.googleapis.com",
            "timeouts": null
          },
          "sensitive_attributes": [],
          "identity_schema_version": 0,
          "private": "eyJlMmJmYjczMC1lY2FhLTExZTYtOGY4OC0zNDM2M2JjN2M0YzAiOnsiY3JlYXRlIjoxMjAwMDAwMDAwMDAwLCJkZWxldGUiOjEyMDAwMDAwMDAwMDAsInJlYWQiOjYwMDAwMDAwMDAwMCwidXBkYXRlIjoxMjAwMDAwMDAwMDAwfX0="
        },
        {
          "index_key": "cloudresourcemanager.googleapis.com",
          "schema_version": 0,
          "attributes": {
            "disable_dependent_services": null,
            "disable_on_destroy": false,
            "id": "traffic-generator-479416/cloudresourcemanager.googleapis.com",
            "project": "traffic-generator-479416",
            "service": "cloudresourcemanager.googleapis.com",
            "timeouts": null
          },
          "sensitive_attributes": [],
          "identity_schema_version": 0,
          "private": "eyJlMmJmYjczMC1lY2FhLTExZTYtOGY4OC0zNDM2M2JjN2M0YzAiOnsiY3JlYXRlIjoxMjAwMDAwMDAwMDAwLCJkZWxldGUiOjEyMDAwMDAwMDAwMDAsInJlYWQiOjYwMDAwMDAwMDAwMCwidXBkYXRlIjoxMjAwMDAwMDAwMDAwfX0="
        },
        {
          "index_key": "compute.googleapis.com",
          "schema_version": 0,
          "attributes": {
            "disable_dependent_services": null,
            "disable_on_destroy": false,
            "id": "traffic-generator-479416/compute.googleapis.com",
            "project": "traffic-generator-479416",
            "service": "compute.googleapis.com",
            "timeouts": null
          },
          "sensitive_attributes": [],
          "identity_schema_version": 0,
          "private": "eyJlMmJmYjczMC1lY2FhLTExZTYtOGY4OC0zNDM2M2JjN2M0YzAiOnsiY3JlYXRlIjoxMjAwMDAwMDAwMDAwLCJkZWxldGUiOjEyMDAwMDAwMDAwMDAsInJlYWQiOjYwMDAwMDAwMDAwMCwidXBkYXRlIjoxMjAwMDAwMDAwMDAwfX0="
        },
        {
          "index_key": "dataflow.googleapis.com",
          "schema_version": 0,
          "attributes": {
            "disable_dependent_services": null,
            "disable_on_destroy": false,
            "id": "traffic-generator-479416/dataflow.googleapis.com",
            "project": "traffic-generator-479416",
            "service": "dataflow.googleapis.com",
            "timeouts": null
          },
          "sensitive_attributes": [],
          "identity_schema_version": 0,
          "private": "eyJlMmJmYjczMC1lY2FhLTExZTYtOGY4OC0zNDM2M2JjN2M0YzAiOnsiY3JlYXRlIjoxMjAwMDAwMDAwMDAwLCJkZWxldGUiOjEyMDAwMDAwMDAwMDAsInJlYWQiOjYwMDAwMDAwMDAwMCwidXBkYXRlIjoxMjAwMDAwMDAwMDAwfX0="
        },
        {
          "index_key": "iam.googleapis.com",
          "schema_version": 0,
          "attributes": {
            "disable_dependent_services": null,
            "disable_on_destroy": false,
            "id": "traffic-generator-479416/iam.googleapis.com",
            "project": "traffic-generator-479416",
            "service": "iam.googleapis.com",
            "timeouts": null
          },
          "sensitive_attributes": [],
          "identity_schema_version": 0,
          "private": "eyJlMmJmYjczMC1lY2FhLTExZTYtOGY4OC0zNDM2M2JjN2M0YzAiOnsiY3JlYXRlIjoxMjAwMDAwMDAwMDAwLCJkZWxldGUiOjEyMDAwMDAwMDAwMDAsInJlYWQiOjYwMDAwMDAwMDAwMCwidXBkYXRlIjoxMjAwMDAwMDAwMDAwfX0="
        },
        {
          "index_key": "storage.googleapis.com",
          "schema_version": 0,
          "attributes": {
            "disable_dependent_services": null,
            "disable_on_destroy": false,
            "id": "traffic-generator-479416/storage.googleapis.com",
            "project": "traffic-generator-479416",
            "service": "storage.googleapis.com",
            "timeouts": null
          },
          "sensitive_attributes": [],
          "identity_schema_version": 0,
          "private": "eyJlMmJmYjczMC1lY2FhLTExZTYtOGY4OC0zNDM2M2JjN2M0YzAiOnsiY3JlYXRlIjoxMjAwMDAwMDAwMDAwLCJkZWxldGUiOjEyMDAwMDAwMDAwMDAsInJlYWQiOjYwMDAwMDAwMDAwMCwidXBkYXRlIjoxMjAwMDAwMDAwMDAwfX0="
        }
      ]
    },
    {
      "module": "module.compute",
      "mode": "managed",
      "type": "google_compute_instance",
      "name": "traffic_generator_vm",
      "provider": "provider[\"registry.terraform.io/hashicorp/google\"]",
      "instances": [
        {
          "schema_version": 6,
          "attributes": {
            "advanced_machine_features": [],
            "allow_stopping_for_update": null,
            "attached_disk": [],
            "boot_disk": [
              {
                "auto_delete": true,
                "device_name": "persistent-disk-0",
                "disk_encryption_key_raw": "",
                "disk_encryption_key_rsa": "",
                "disk_encryption_key_sha256": "",
                "disk_encryption_service_account": "",
                "force_attach": false,
                "guest_os_features": [
                  "UEFI_COMPATIBLE",
                  "VIRTIO_SCSI_MULTIQUEUE",
                  "GVNIC"
                ],
                "initialize_params": [
                  {
                    "architecture": "X86_64",
                    "enable_confidential_compute": false,
                    "image": "https://www.googleapis.com/compute/v1/projects/debian-cloud/global/images/debian-11-bullseye-v20251111",
                    "labels": {},
                    "provisioned_iops": 0,
                    "provisioned_throughput": 0,
                    "resource_manager_tags": null,
                    "resource_policies": [],
                    "size": 10,
                    "snapshot": "",
                    "source_image_encryption_key": [],
                    "source_snapshot_encryption_key": [],
                    "storage_pool": "",
                    "type": "pd-standard"
                  }
                ],
                "interface": "",
                "kms_key_self_link": "",
                "mode": "READ_WRITE",
                "source": "https://www.googleapis.com/compute/v1/projects/traffic-generator-479416/zones/us-central1-a/disks/traffic-generator-vm"
              }
            ],
            "can_ip_forward": false,
            "confidential_instance_config": [],
            "cpu_platform": "Intel Broadwell",
            "creation_timestamp": "2025-11-26T17:49:00.216-08:00",
            "current_status": "RUNNING",
            "deletion_protection": false,
            "description": "",
            "desired_status": null,
            "effective_labels": {
              "goog-terraform-provisioned": "true"
            },
            "enable_display": false,
            "guest_accelerator": [],
            "hostname": "",
            "id": "projects/traffic-generator-479416/zones/us-central1-a/instances/traffic-generator-vm",
            "instance_encryption_key": [],
            "instance_id": "6693575047766479075",
            "key_revocation_action_type": "",
            "label_fingerprint": "vezUS-42LLM=",
            "labels": null,
            "machine_type": "e2-medium",
            "metadata": null,
            "metadata_fingerprint": "rABqLknPejE=",
            "metadata_startup_script": null,
            "min_cpu_platform": "",
            "name": "traffic-generator-vm",
            "network_interface": [
              {
                "access_config": [],
                "alias_ip_range": [],
                "internal_ipv6_prefix_length": 0,
                "ipv6_access_config": [],
                "ipv6_access_type": "",
                "ipv6_address": "",
                "name": "nic0",
                "network": "https://www.googleapis.com/compute/v1/projects/traffic-generator-479416/global/networks/vpc-traffic-generator",
                "network_attachment": "",
                "network_ip": "10.10.1.3",
                "nic_type": "",
                "queue_count": 0,
                "stack_type": "IPV4_ONLY",
                "subnetwork": "https://www.googleapis.com/compute/v1/projects/traffic-generator-479416/regions/us-central1/subnetworks/traffic-generator-subnet",
                "subnetwork_project": "traffic-generator-479416"
              }
            ],
            "network_performance_config": [],
            "params": [],
            "project": "traffic-generator-479416",
            "reservation_affinity": [],
            "resource_policies": null,
            "scheduling": [
              {
                "automatic_restart": true,
                "availability_domain": 0,
                "instance_termination_action": "",
                "local_ssd_recovery_timeout": [],
                "max_run_duration": [],
                "min_node_cpus": 0,
                "node_affinities": [],
                "on_host_maintenance": "MIGRATE",
                "on_instance_stop_action": [],
                "preemptible": false,
                "provisioning_model": "STANDARD",
                "termination_time": ""
              }
            ],
            "scratch_disk": [],
            "self_link": "https://www.googleapis.com/compute/v1/projects/traffic-generator-479416/zones/us-central1-a/instances/traffic-generator-vm",
            "service_account": [
              {
                "email": "sa-traffic-generator@traffic-generator-479416.iam.gserviceaccount.com",
                "scopes": [
                  "https://www.googleapis.com/auth/cloud-platform"
                ]
              }
            ],
            "shielded_instance_config": [
              {
                "enable_integrity_monitoring": true,
                "enable_secure_boot": false,
                "enable_vtpm": true
              }
            ],
            "tags": [
              "traffic-generator-vm"
            ],
            "tags_fingerprint": "ra_IaIHw6uk=",
            "terraform_labels": {
              "goog-terraform-provisioned": "true"
            },
            "timeouts": null,
            "zone": "us-central1-a"
          },
          "sensitive_attributes": [
            [
              {
                "type": "get_attr",
                "value": "boot_disk"
              },
              {
                "type": "index",
                "value": {
                  "value": 0,
                  "type": "number"
                }
              },
              {
                "type": "get_attr",
                "value": "disk_encryption_key_raw"
              }
            ],
            [
              {
                "type": "get_attr",
                "value": "boot_disk"
              },
              {
                "type": "index",
                "value": {
                  "value": 0,
                  "type": "number"
                }
              },
              {
                "type": "get_attr",
                "value": "disk_encryption_key_rsa"
              }
            ]
          ],
          "identity_schema_version": 0,
          "private": "eyJlMmJmYjczMC1lY2FhLTExZTYtOGY4OC0zNDM2M2JjN2M0YzAiOnsiY3JlYXRlIjoxMjAwMDAwMDAwMDAwLCJkZWxldGUiOjEyMDAwMDAwMDAwMDAsInVwZGF0ZSI6MTIwMDAwMDAwMDAwMH0sInNjaGVtYV92ZXJzaW9uIjoiNiJ9",
          "dependencies": [
            "module.network.google_compute_firewall.allow_dataflow_ingress_from_vm_vpc",
            "module.network.google_compute_firewall.allow_vm_egress_to_dataflow",
            "module.network.google_compute_network.vpc_dataflow",
            "module.network.google_compute_network.vpc_traffic",
            "module.network.google_compute_network_peering.peering_dataflow_to_traffic",
            "module.network.google_compute_network_peering.peering_traffic_to_dataflow",
            "module.network.google_compute_subnetwork.dataflow_subnet",
            "module.network.google_compute_subnetwork.traffic_subnet",
            "module.project_setup.data.google_project.current",
            "module.project_setup.google_project_iam_member.iam_dataflow_service_agent",
            "module.project_setup.google_project_iam_member.iam_df_bq_editor",
            "module.project_setup.google_project_iam_member.iam_df_gcs_admin",
            "module.project_setup.google_project_iam_member.iam_df_worker_role",
            "module.project_setup.google_project_iam_member.iam_vm_gcs_creator",
            "module.project_setup.google_project_iam_member.iam_vm_network_user",
            "module.project_setup.google_project_service.services",
            "module.project_setup.google_service_account.sa_dataflow_worker",
            "module.project_setup.google_service_account.sa_vm_traffic"
          ]
        }
      ]
    },
    {
      "module": "module.data_pipeline",
      "mode": "managed",
      "type": "google_bigquery_dataset",
      "name": "traffic_sink_dataset",
      "provider": "provider[\"registry.terraform.io/hashicorp/google\"]",
      "instances": [
        {
          "schema_version": 0,
          "attributes": {
            "access": [
              {
                "condition": [],
                "dataset": [],
                "domain": "",
                "group_by_email": "",
                "iam_member": "",
                "role": "OWNER",
                "routine": [],
                "special_group": "",
                "user_by_email": "gpmeneses@gmail.com",
                "view": []
              },
              {
                "condition": [],
                "dataset": [],
                "domain": "",
                "group_by_email": "",
                "iam_member": "",
                "role": "OWNER",
                "routine": [],
                "special_group": "projectOwners",
                "user_by_email": "",
                "view": []
              },
              {
                "condition": [],
                "dataset": [],
                "domain": "",
                "group_by_email": "",
                "iam_member": "",
                "role": "READER",
                "routine": [],
                "special_group": "projectReaders",
                "user_by_email": "",
                "view": []
              },
              {
                "condition": [],
                "dataset": [],
                "domain": "",
                "group_by_email": "",
                "iam_member": "",
                "role": "WRITER",
                "routine": [],
                "special_group": "projectWriters",
                "user_by_email": "",
                "view": []
              }
            ],
            "creation_time": 1764207477625,
            "dataset_id": "traffic_analysis_data",
            "default_collation": "",
            "default_encryption_configuration": [],
            "default_partition_expiration_ms": 0,
            "default_table_expiration_ms": 0,
            "delete_contents_on_destroy": false,
            "description": "",
            "effective_labels": {
              "goog-terraform-provisioned": "true"
            },
            "etag": "5eUnsH+vTkFJAF1lIlppoA==",
            "external_catalog_dataset_options": [],
            "external_dataset_reference": [],
            "friendly_name": "",
            "id": "projects/traffic-generator-479416/datasets/traffic_analysis_data",
            "is_case_insensitive": false,
            "labels": {},
            "last_modified_time": 1764207477625,
            "location": "us-central1",
            "max_time_travel_hours": "168",
            "project": "traffic-generator-479416",
            "resource_tags": {},
            "self_link": "https://bigquery.googleapis.com/bigquery/v2/projects/traffic-generator-479416/datasets/traffic_analysis_data",
            "storage_billing_model": "",
            "terraform_labels": {
              "goog-terraform-provisioned": "true"
            },
            "timeouts": null
          },
          "sensitive_attributes": [],
          "identity_schema_version": 0,
          "private": "eyJlMmJmYjczMC1lY2FhLTExZTYtOGY4OC0zNDM2M2JjN2M0YzAiOnsiY3JlYXRlIjoxMjAwMDAwMDAwMDAwLCJkZWxldGUiOjEyMDAwMDAwMDAwMDAsInVwZGF0ZSI6MTIwMDAwMDAwMDAwMH19",
          "dependencies": [
            "module.network.google_compute_firewall.allow_dataflow_ingress_from_vm_vpc",
            "module.network.google_compute_firewall.allow_vm_egress_to_dataflow",
            "module.network.google_compute_network.vpc_dataflow",
            "module.network.google_compute_network.vpc_traffic",
            "module.network.google_compute_network_peering.peering_dataflow_to_traffic",
            "module.network.google_compute_network_peering.peering_traffic_to_dataflow",
            "module.network.google_compute_subnetwork.dataflow_subnet",
            "module.network.google_compute_subnetwork.traffic_subnet",
            "module.project_setup.data.google_project.current",
            "module.project_setup.google_project_iam_member.iam_dataflow_service_agent",
            "module.project_setup.google_project_iam_member.iam_df_bq_editor",
            "module.project_setup.google_project_iam_member.iam_df_gcs_admin",
            "module.project_setup.google_project_iam_member.iam_df_worker_role",
            "module.project_setup.google_project_iam_member.iam_vm_gcs_creator",
            "module.project_setup.google_project_iam_member.iam_vm_network_user",
            "module.project_setup.google_project_service.services",
            "module.project_setup.google_service_account.sa_dataflow_worker",
            "module.project_setup.google_service_account.sa_vm_traffic"
          ]
        }
      ]
    },
    {
      "module": "module.data_pipeline",
      "mode": "managed",
      "type": "google_bigquery_table",
      "name": "traffic_sink_table",
      "provider": "provider[\"registry.terraform.io/hashicorp/google\"]",
      "instances": [
        {
          "schema_version": 0,
          "attributes": {
            "biglake_configuration": [],
            "clustering": null,
            "creation_time": 1764207478221,
            "dataset_id": "traffic_analysis_data",
            "deletion_protection": false,
            "description": "",
            "effective_labels": {
              "goog-terraform-provisioned": "true"
            },
            "encryption_configuration": [],
            "etag": "N/z53HwVPebKUQQxEDi+gw==",
            "expiration_time": 0,
            "external_catalog_table_options": [],
            "external_data_configuration": [],
            "friendly_name": "",
            "generated_schema_columns": null,
            "id": "projects/traffic-generator-479416/datasets/traffic_analysis_data/tables/raw_traffic_data",
            "ignore_auto_generated_schema": false,
            "ignore_schema_changes": null,
            "labels": {},
            "last_modified_time": 1764207478332,
            "location": "us-central1",
            "materialized_view": [],
            "max_staleness": "",
            "num_bytes": 0,
            "num_long_term_bytes": 0,
            "num_rows": 0,
            "project": "traffic-generator-479416",
            "range_partitioning": [],
            "require_partition_filter": false,
            "resource_tags": {},
            "schema": null,
            "schema_foreign_type_info": [],
            "self_link": "https://bigquery.googleapis.com/bigquery/v2/projects/traffic-generator-479416/datasets/traffic_analysis_data/tables/raw_traffic_data",
            "table_constraints": [],
            "table_id": "raw_traffic_data",
            "table_metadata_view": null,
            "table_replication_info": [],
            "terraform_labels": {
              "goog-terraform-provisioned": "true"
            },
            "time_partitioning": [],
            "type": "TABLE",
            "view": []
          },
          "sensitive_attributes": [],
          "identity_schema_version": 0,
          "private": "bnVsbA==",
          "dependencies": [
            "module.data_pipeline.google_bigquery_dataset.traffic_sink_dataset",
            "module.network.google_compute_firewall.allow_dataflow_ingress_from_vm_vpc",
            "module.network.google_compute_firewall.allow_vm_egress_to_dataflow",
            "module.network.google_compute_network.vpc_dataflow",
            "module.network.google_compute_network.vpc_traffic",
            "module.network.google_compute_network_peering.peering_dataflow_to_traffic",
            "module.network.google_compute_network_peering.peering_traffic_to_dataflow",
            "module.network.google_compute_subnetwork.dataflow_subnet",
            "module.network.google_compute_subnetwork.traffic_subnet",
            "module.project_setup.data.google_project.current",
            "module.project_setup.google_project_iam_member.iam_dataflow_service_agent",
            "module.project_setup.google_project_iam_member.iam_df_bq_editor",
            "module.project_setup.google_project_iam_member.iam_df_gcs_admin",
            "module.project_setup.google_project_iam_member.iam_df_worker_role",
            "module.project_setup.google_project_iam_member.iam_vm_gcs_creator",
            "module.project_setup.google_project_iam_member.iam_vm_network_user",
            "module.project_setup.google_project_service.services",
            "module.project_setup.google_service_account.sa_dataflow_worker",
            "module.project_setup.google_service_account.sa_vm_traffic"
          ]
        }
      ]
    },
    {
      "module": "module.data_pipeline",
      "mode": "managed",
      "type": "google_storage_bucket",
      "name": "dataflow_staging",
      "provider": "provider[\"registry.terraform.io/hashicorp/google\"]",
      "instances": [
        {
          "schema_version": 4,
          "attributes": {
            "autoclass": [],
            "cors": [],
            "custom_placement_config": [],
            "default_event_based_hold": false,
            "effective_labels": {
              "goog-terraform-provisioned": "true"
            },
            "enable_object_retention": false,
            "encryption": [],
            "force_destroy": true,
            "hierarchical_namespace": [
              {
                "enabled": false
              }
            ],
            "id": "traffic-generator-479416-df-staging-dev",
            "ip_filter": [],
            "labels": null,
            "lifecycle_rule": [],
            "location": "US-CENTRAL1",
            "logging": [],
            "name": "traffic-generator-479416-df-staging-dev",
            "project": "traffic-generator-479416",
            "project_number": 202141185106,
            "public_access_prevention": "inherited",
            "requester_pays": false,
            "retention_policy": [],
            "rpo": null,
            "self_link": "https://www.googleapis.com/storage/v1/b/traffic-generator-479416-df-staging-dev",
            "soft_delete_policy": [
              {
                "effective_time": "2025-11-27T01:48:58.752Z",
                "retention_duration_seconds": 604800
              }
            ],
            "storage_class": "STANDARD",
            "terraform_labels": {
              "goog-terraform-provisioned": "true"
            },
            "time_created": "2025-11-27T01:48:58.752Z",
            "timeouts": null,
            "uniform_bucket_level_access": false,
            "updated": "2025-11-27T01:48:58.752Z",
            "url": "gs://traffic-generator-479416-df-staging-dev",
            "versioning": [],
            "website": []
          },
          "sensitive_attributes": [],
          "identity_schema_version": 0,
          "private": "eyJlMmJmYjczMC1lY2FhLTExZTYtOGY4OC0zNDM2M2JjN2M0YzAiOnsiY3JlYXRlIjo2MDAwMDAwMDAwMDAsInJlYWQiOjI0MDAwMDAwMDAwMCwidXBkYXRlIjoyNDAwMDAwMDAwMDB9LCJzY2hlbWFfdmVyc2lvbiI6IjQifQ==",
          "dependencies": [
            "module.network.google_compute_firewall.allow_dataflow_ingress_from_vm_vpc",
            "module.network.google_compute_firewall.allow_vm_egress_to_dataflow",
            "module.network.google_compute_network.vpc_dataflow",
            "module.network.google_compute_network.vpc_traffic",
            "module.network.google_compute_network_peering.peering_dataflow_to_traffic",
            "module.network.google_compute_network_peering.peering_traffic_to_dataflow",
            "module.network.google_compute_subnetwork.dataflow_subnet",
            "module.network.google_compute_subnetwork.traffic_subnet",
            "module.project_setup.data.google_project.current",
            "module.project_setup.google_project_iam_member.iam_dataflow_service_agent",
            "module.project_setup.google_project_iam_member.iam_df_bq_editor",
            "module.project_setup.google_project_iam_member.iam_df_gcs_admin",
            "module.project_setup.google_project_iam_member.iam_df_worker_role",
            "module.project_setup.google_project_iam_member.iam_vm_gcs_creator",
            "module.project_setup.google_project_iam_member.iam_vm_network_user",
            "module.project_setup.google_project_service.services",
            "module.project_setup.google_service_account.sa_dataflow_worker",
            "module.project_setup.google_service_account.sa_vm_traffic"
          ]
        }
      ]
    },
    {
      "module": "module.network",
      "mode": "managed",
      "type": "google_compute_firewall",
      "name": "allow_dataflow_ingress_from_vm_vpc",
      "provider": "provider[\"registry.terraform.io/hashicorp/google\"]",
      "instances": [
        {
          "schema_version": 1,
          "attributes": {
            "allow": [
              {
                "ports": [
                  "8080"
                ],
                "protocol": "tcp"
              }
            ],
            "creation_timestamp": "2025-11-26T17:37:23.669-08:00",
            "deny": [],
            "description": "",
            "destination_ranges": [],
            "direction": "INGRESS",
            "disabled": false,
            "enable_logging": null,
            "id": "projects/traffic-generator-479416/global/firewalls/allow-dataflow-ingress-from-vm",
            "log_config": [],
            "name": "allow-dataflow-ingress-from-vm",
            "network": "https://www.googleapis.com/compute/v1/projects/traffic-generator-479416/global/networks/vpc-dataflow-processing",
            "params": [],
            "priority": 1000,
            "project": "traffic-generator-479416",
            "self_link": "https://www.googleapis.com/compute/v1/projects/traffic-generator-479416/global/firewalls/allow-dataflow-ingress-from-vm",
            "source_ranges": [
              "10.128.0.0/20"
            ],
            "source_service_accounts": [],
            "source_tags": [],
            "target_service_accounts": [],
            "target_tags": [
              "dataflow-worker"
            ],
            "timeouts": null
          },
          "sensitive_attributes": [],
          "identity_schema_version": 0,
          "private": "eyJlMmJmYjczMC1lY2FhLTExZTYtOGY4OC0zNDM2M2JjN2M0YzAiOnsiY3JlYXRlIjoxMjAwMDAwMDAwMDAwLCJkZWxldGUiOjEyMDAwMDAwMDAwMDAsInVwZGF0ZSI6MTIwMDAwMDAwMDAwMH0sInNjaGVtYV92ZXJzaW9uIjoiMSJ9",
          "dependencies": [
            "module.network.google_compute_network.vpc_dataflow",
            "module.project_setup.data.google_project.current",
            "module.project_setup.google_project_iam_member.iam_dataflow_service_agent",
            "module.project_setup.google_project_iam_member.iam_df_bq_editor",
            "module.project_setup.google_project_iam_member.iam_df_gcs_admin",
            "module.project_setup.google_project_iam_member.iam_df_worker_role",
            "module.project_setup.google_project_iam_member.iam_vm_gcs_creator",
            "module.project_setup.google_project_iam_member.iam_vm_network_user",
            "module.project_setup.google_project_service.services",
            "module.project_setup.google_service_account.sa_dataflow_worker",
            "module.project_setup.google_service_account.sa_vm_traffic"
          ]
        }
      ]
    },
    {
      "module": "module.network",
      "mode": "managed",
      "type": "google_compute_firewall",
      "name": "allow_vm_egress_to_dataflow",
      "provider": "provider[\"registry.terraform.io/hashicorp/google\"]",
      "instances": [
        {
          "schema_version": 1,
          "attributes": {
            "allow": [
              {
                "ports": [
                  "8080"
                ],
                "protocol": "tcp"
              }
            ],
            "creation_timestamp": "2025-11-26T17:37:24.561-08:00",
            "deny": [],
            "description": "",
            "destination_ranges": [
              "10.128.0.0/20"
            ],
            "direction": "EGRESS",
            "disabled": false,
            "enable_logging": null,
            "id": "projects/traffic-generator-479416/global/firewalls/allow-vm-egress-to-dataflow",
            "log_config": [],
            "name": "allow-vm-egress-to-dataflow",
            "network": "https://www.googleapis.com/compute/v1/projects/traffic-generator-479416/global/networks/vpc-traffic-generator",
            "params": [],
            "priority": 1000,
            "project": "traffic-generator-479416",
            "self_link": "https://www.googleapis.com/compute/v1/projects/traffic-generator-479416/global/firewalls/allow-vm-egress-to-dataflow",
            "source_ranges": [],
            "source_service_accounts": [],
            "source_tags": [],
            "target_service_accounts": [],
            "target_tags": [
              "traffic-generator-vm"
            ],
            "timeouts": null
          },
          "sensitive_attributes": [],
          "identity_schema_version": 0,
          "private": "eyJlMmJmYjczMC1lY2FhLTExZTYtOGY4OC0zNDM2M2JjN2M0YzAiOnsiY3JlYXRlIjoxMjAwMDAwMDAwMDAwLCJkZWxldGUiOjEyMDAwMDAwMDAwMDAsInVwZGF0ZSI6MTIwMDAwMDAwMDAwMH0sInNjaGVtYV92ZXJzaW9uIjoiMSJ9",
          "dependencies": [
            "module.network.google_compute_network.vpc_traffic",
            "module.project_setup.data.google_project.current",
            "module.project_setup.google_project_iam_member.iam_dataflow_service_agent",
            "module.project_setup.google_project_iam_member.iam_df_bq_editor",
            "module.project_setup.google_project_iam_member.iam_df_gcs_admin",
            "module.project_setup.google_project_iam_member.iam_df_worker_role",
            "module.project_setup.google_project_iam_member.iam_vm_gcs_creator",
            "module.project_setup.google_project_iam_member.iam_vm_network_user",
            "module.project_setup.google_project_service.services",
            "module.project_setup.google_service_account.sa_dataflow_worker",
            "module.project_setup.google_service_account.sa_vm_traffic"
          ]
        }
      ]
    },
    {
      "module": "module.network",
      "mode": "managed",
      "type": "google_compute_network",
      "name": "vpc_dataflow",
      "provider": "provider[\"registry.terraform.io/hashicorp/google\"]",
      "instances": [
        {
          "schema_version": 0,
          "attributes": {
            "auto_create_subnetworks": false,
            "bgp_always_compare_med": false,
            "bgp_best_path_selection_mode": "LEGACY",
            "bgp_inter_region_cost": "",
            "delete_default_routes_on_create": false,
            "description": "",
            "enable_ula_internal_ipv6": false,
            "gateway_ipv4": "",
            "id": "projects/traffic-generator-479416/global/networks/vpc-dataflow-processing",
            "internal_ipv6_range": "",
            "mtu": 0,
            "name": "vpc-dataflow-processing",
            "network_firewall_policy_enforcement_order": "AFTER_CLASSIC_FIREWALL",
            "network_id": "8702187027103880658",
            "network_profile": "",
            "numeric_id": "8702187027103880658",
            "params": [],
            "project": "traffic-generator-479416",
            "routing_mode": "REGIONAL",
            "self_link": "https://www.googleapis.com/compute/v1/projects/traffic-generator-479416/global/networks/vpc-dataflow-processing",
            "timeouts": null
          },
          "sensitive_attributes": [],
          "identity_schema_version": 0,
          "private": "eyJlMmJmYjczMC1lY2FhLTExZTYtOGY4OC0zNDM2M2JjN2M0YzAiOnsiY3JlYXRlIjoxMjAwMDAwMDAwMDAwLCJkZWxldGUiOjEyMDAwMDAwMDAwMDAsInVwZGF0ZSI6MTIwMDAwMDAwMDAwMH19",
          "dependencies": [
            "module.project_setup.data.google_project.current",
            "module.project_setup.google_project_iam_member.iam_dataflow_service_agent",
            "module.project_setup.google_project_iam_member.iam_df_bq_editor",
            "module.project_setup.google_project_iam_member.iam_df_gcs_admin",
            "module.project_setup.google_project_iam_member.iam_df_worker_role",
            "module.project_setup.google_project_iam_member.iam_vm_gcs_creator",
            "module.project_setup.google_project_iam_member.iam_vm_network_user",
            "module.project_setup.google_project_service.services",
            "module.project_setup.google_service_account.sa_dataflow_worker",
            "module.project_setup.google_service_account.sa_vm_traffic"
          ]
        }
      ]
    },
    {
      "module": "module.network",
      "mode": "managed",
      "type": "google_compute_network",
      "name": "vpc_traffic",
      "provider": "provider[\"registry.terraform.io/hashicorp/google\"]",
      "instances": [
        {
          "schema_version": 0,
          "attributes": {
            "auto_create_subnetworks": false,
            "bgp_always_compare_med": false,
            "bgp_best_path_selection_mode": "LEGACY",
            "bgp_inter_region_cost": "",
            "delete_default_routes_on_create": false,
            "description": "",
            "enable_ula_internal_ipv6": false,
            "gateway_ipv4": "",
            "id": "projects/traffic-generator-479416/global/networks/vpc-traffic-generator",
            "internal_ipv6_range": "",
            "mtu": 0,
            "name": "vpc-traffic-generator",
            "network_firewall_policy_enforcement_order": "AFTER_CLASSIC_FIREWALL",
            "network_id": "1672590650463884754",
            "network_profile": "",
            "numeric_id": "1672590650463884754",
            "params": [],
            "project": "traffic-generator-479416",
            "routing_mode": "REGIONAL",
            "self_link": "https://www.googleapis.com/compute/v1/projects/traffic-generator-479416/global/networks/vpc-traffic-generator",
            "timeouts": null
          },
          "sensitive_attributes": [],
          "identity_schema_version": 0,
          "private": "eyJlMmJmYjczMC1lY2FhLTExZTYtOGY4OC0zNDM2M2JjN2M0YzAiOnsiY3JlYXRlIjoxMjAwMDAwMDAwMDAwLCJkZWxldGUiOjEyMDAwMDAwMDAwMDAsInVwZGF0ZSI6MTIwMDAwMDAwMDAwMH19",
          "dependencies": [
            "module.project_setup.data.google_project.current",
            "module.project_setup.google_project_iam_member.iam_dataflow_service_agent",
            "module.project_setup.google_project_iam_member.iam_df_bq_editor",
            "module.project_setup.google_project_iam_member.iam_df_gcs_admin",
            "module.project_setup.google_project_iam_member.iam_df_worker_role",
            "module.project_setup.google_project_iam_member.iam_vm_gcs_creator",
            "module.project_setup.google_project_iam_member.iam_vm_network_user",
            "module.project_setup.google_project_service.services",
            "module.project_setup.google_service_account.sa_dataflow_worker",
            "module.project_setup.google_service_account.sa_vm_traffic"
          ]
        }
      ]
    },
    {
      "module": "module.network",
      "mode": "managed",
      "type": "google_compute_network_peering",
      "name": "peering_dataflow_to_traffic",
      "provider": "provider[\"registry.terraform.io/hashicorp/google\"]",
      "instances": [
        {
          "schema_version": 0,
          "attributes": {
            "export_custom_routes": false,
            "export_subnet_routes_with_public_ip": true,
            "id": "vpc-dataflow-processing/peering-dataflow-to-traffic",
            "import_custom_routes": false,
            "import_subnet_routes_with_public_ip": false,
            "name": "peering-dataflow-to-traffic",
            "network": "https://www.googleapis.com/compute/v1/projects/traffic-generator-479416/global/networks/vpc-dataflow-processing",
            "peer_network": "https://www.googleapis.com/compute/v1/projects/traffic-generator-479416/global/networks/vpc-traffic-generator",
            "stack_type": "IPV4_ONLY",
            "state": "ACTIVE",
            "state_details": "[2025-11-26T17:37:39.428-08:00]: Connected.",
            "timeouts": null,
            "update_strategy": "INDEPENDENT"
          },
          "sensitive_attributes": [],
          "identity_schema_version": 0,
          "private": "eyJlMmJmYjczMC1lY2FhLTExZTYtOGY4OC0zNDM2M2JjN2M0YzAiOnsiY3JlYXRlIjoyNDAwMDAwMDAwMDAsImRlbGV0ZSI6MjQwMDAwMDAwMDAwLCJ1cGRhdGUiOjI0MDAwMDAwMDAwMH19",
          "dependencies": [
            "module.network.google_compute_network.vpc_dataflow",
            "module.network.google_compute_network.vpc_traffic",
            "module.project_setup.data.google_project.current",
            "module.project_setup.google_project_iam_member.iam_dataflow_service_agent",
            "module.project_setup.google_project_iam_member.iam_df_bq_editor",
            "module.project_setup.google_project_iam_member.iam_df_gcs_admin",
            "module.project_setup.google_project_iam_member.iam_df_worker_role",
            "module.project_setup.google_project_iam_member.iam_vm_gcs_creator",
            "module.project_setup.google_project_iam_member.iam_vm_network_user",
            "module.project_setup.google_project_service.services",
            "module.project_setup.google_service_account.sa_dataflow_worker",
            "module.project_setup.google_service_account.sa_vm_traffic"
          ]
        }
      ]
    },
    {
      "module": "module.network",
      "mode": "managed",
      "type": "google_compute_network_peering",
      "name": "peering_traffic_to_dataflow",
      "provider": "provider[\"registry.terraform.io/hashicorp/google\"]",
      "instances": [
        {
          "schema_version": 0,
          "attributes": {
            "export_custom_routes": false,
            "export_subnet_routes_with_public_ip": true,
            "id": "vpc-traffic-generator/peering-traffic-to-dataflow",
            "import_custom_routes": false,
            "import_subnet_routes_with_public_ip": false,
            "name": "peering-traffic-to-dataflow",
            "network": "https://www.googleapis.com/compute/v1/projects/traffic-generator-479416/global/networks/vpc-traffic-generator",
            "peer_network": "https://www.googleapis.com/compute/v1/projects/traffic-generator-479416/global/networks/vpc-dataflow-processing",
            "stack_type": "IPV4_ONLY",
            "state": "ACTIVE",
            "state_details": "[2025-11-26T17:37:39.428-08:00]: Connected.",
            "timeouts": null,
            "update_strategy": "INDEPENDENT"
          },
          "sensitive_attributes": [],
          "identity_schema_version": 0,
          "private": "eyJlMmJmYjczMC1lY2FhLTExZTYtOGY4OC0zNDM2M2JjN2M0YzAiOnsiY3JlYXRlIjoyNDAwMDAwMDAwMDAsImRlbGV0ZSI6MjQwMDAwMDAwMDAwLCJ1cGRhdGUiOjI0MDAwMDAwMDAwMH19",
          "dependencies": [
            "module.network.google_compute_network.vpc_dataflow",
            "module.network.google_compute_network.vpc_traffic",
            "module.project_setup.data.google_project.current",
            "module.project_setup.google_project_iam_member.iam_dataflow_service_agent",
            "module.project_setup.google_project_iam_member.iam_df_bq_editor",
            "module.project_setup.google_project_iam_member.iam_df_gcs_admin",
            "module.project_setup.google_project_iam_member.iam_df_worker_role",
            "module.project_setup.google_project_iam_member.iam_vm_gcs_creator",
            "module.project_setup.google_project_iam_member.iam_vm_network_user",
            "module.project_setup.google_project_service.services",
            "module.project_setup.google_service_account.sa_dataflow_worker",
            "module.project_setup.google_service_account.sa_vm_traffic"
          ]
        }
      ]
    },
    {
      "module": "module.network",
      "mode": "managed",
      "type": "google_compute_subnetwork",
      "name": "dataflow_subnet",
      "provider": "provider[\"registry.terraform.io/hashicorp/google\"]",
      "instances": [
        {
          "schema_version": 0,
          "attributes": {
            "creation_timestamp": "2025-11-26T17:37:25.635-08:00",
            "description": "",
            "external_ipv6_prefix": "",
            "fingerprint": null,
            "gateway_address": "10.10.2.1",
            "id": "projects/traffic-generator-479416/regions/us-central1/subnetworks/dataflow-processing-subnet",
            "internal_ipv6_prefix": "",
            "ip_cidr_range": "10.10.2.0/24",
            "ip_collection": null,
            "ipv6_access_type": "",
            "ipv6_cidr_range": "",
            "ipv6_gce_endpoint": "",
            "log_config": [],
            "name": "dataflow-processing-subnet",
            "network": "https://www.googleapis.com/compute/v1/projects/traffic-generator-479416/global/networks/vpc-dataflow-processing",
            "params": [],
            "private_ip_google_access": false,
            "private_ipv6_google_access": "DISABLE_GOOGLE_ACCESS",
            "project": "traffic-generator-479416",
            "purpose": "PRIVATE",
            "region": "us-central1",
            "reserved_internal_range": "",
            "role": "",
            "secondary_ip_range": [],
            "self_link": "https://www.googleapis.com/compute/v1/projects/traffic-generator-479416/regions/us-central1/subnetworks/dataflow-processing-subnet",
            "send_secondary_ip_range_if_empty": null,
            "stack_type": "IPV4_ONLY",
            "state": "",
            "subnetwork_id": 2766607516124714426,
            "timeouts": null
          },
          "sensitive_attributes": [],
          "identity_schema_version": 0,
          "private": "eyJlMmJmYjczMC1lY2FhLTExZTYtOGY4OC0zNDM2M2JjN2M0YzAiOnsiY3JlYXRlIjoxMjAwMDAwMDAwMDAwLCJkZWxldGUiOjEyMDAwMDAwMDAwMDAsInVwZGF0ZSI6MTIwMDAwMDAwMDAwMH19",
          "dependencies": [
            "module.network.google_compute_network.vpc_dataflow",
            "module.project_setup.data.google_project.current",
            "module.project_setup.google_project_iam_member.iam_dataflow_service_agent",
            "module.project_setup.google_project_iam_member.iam_df_bq_editor",
            "module.project_setup.google_project_iam_member.iam_df_gcs_admin",
            "module.project_setup.google_project_iam_member.iam_df_worker_role",
            "module.project_setup.google_project_iam_member.iam_vm_gcs_creator",
            "module.project_setup.google_project_iam_member.iam_vm_network_user",
            "module.project_setup.google_project_service.services",
            "module.project_setup.google_service_account.sa_dataflow_worker",
            "module.project_setup.google_service_account.sa_vm_traffic"
          ]
        }
      ]
    },
    {
      "module": "module.network",
      "mode": "managed",
      "type": "google_compute_subnetwork",
      "name": "traffic_subnet",
      "provider": "provider[\"registry.terraform.io/hashicorp/google\"]",
      "instances": [
        {
          "schema_version": 0,
          "attributes": {
            "creation_timestamp": "2025-11-26T17:37:24.473-08:00",
            "description": "",
            "external_ipv6_prefix": "",
            "fingerprint": null,
            "gateway_address": "10.10.1.1",
            "id": "projects/traffic-generator-479416/regions/us-central1/subnetworks/traffic-generator-subnet",
            "internal_ipv6_prefix": "",
            "ip_cidr_range": "10.10.1.0/24",
            "ip_collection": null,
            "ipv6_access_type": "",
            "ipv6_cidr_range": "",
            "ipv6_gce_endpoint": "",
            "log_config": [],
            "name": "traffic-generator-subnet",
            "network": "https://www.googleapis.com/compute/v1/projects/traffic-generator-479416/global/networks/vpc-traffic-generator",
            "params": [],
            "private_ip_google_access": false,
            "private_ipv6_google_access": "DISABLE_GOOGLE_ACCESS",
            "project": "traffic-generator-479416",
            "purpose": "PRIVATE",
            "region": "us-central1",
            "reserved_internal_range": "",
            "role": "",
            "secondary_ip_range": [],
            "self_link": "https://www.googleapis.com/compute/v1/projects/traffic-generator-479416/regions/us-central1/subnetworks/traffic-generator-subnet",
            "send_secondary_ip_range_if_empty": null,
            "stack_type": "IPV4_ONLY",
            "state": "",
            "subnetwork_id": 6109045254504715707,
            "timeouts": null
          },
          "sensitive_attributes": [],
          "identity_schema_version": 0,
          "private": "eyJlMmJmYjczMC1lY2FhLTExZTYtOGY4OC0zNDM2M2JjN2M0YzAiOnsiY3JlYXRlIjoxMjAwMDAwMDAwMDAwLCJkZWxldGUiOjEyMDAwMDAwMDAwMDAsInVwZGF0ZSI6MTIwMDAwMDAwMDAwMH19",
          "dependencies": [
            "module.network.google_compute_network.vpc_traffic",
            "module.project_setup.data.google_project.current",
            "module.project_setup.google_project_iam_member.iam_dataflow_service_agent",
            "module.project_setup.google_project_iam_member.iam_df_bq_editor",
            "module.project_setup.google_project_iam_member.iam_df_gcs_admin",
            "module.project_setup.google_project_iam_member.iam_df_worker_role",
            "module.project_setup.google_project_iam_member.iam_vm_gcs_creator",
            "module.project_setup.google_project_iam_member.iam_vm_network_user",
            "module.project_setup.google_project_service.services",
            "module.project_setup.google_service_account.sa_dataflow_worker",
            "module.project_setup.google_service_account.sa_vm_traffic"
          ]
        }
      ]
    },
    {
      "module": "module.project_setup",
      "mode": "data",
      "type": "google_project",
      "name": "current",
      "provider": "provider[\"registry.terraform.io/hashicorp/google\"]",
      "instances": [
        {
          "schema_version": 0,
          "attributes": {
            "auto_create_network": null,
            "billing_account": "018DA4-1456AE-01FF4C",
            "deletion_policy": "PREVENT",
            "effective_labels": {},
            "folder_id": null,
            "id": "projects/traffic-generator-479416",
            "labels": {},
            "name": "traffic-generator",
            "number": "202141185106",
            "org_id": null,
            "project_id": "traffic-generator-479416",
            "tags": null,
            "terraform_labels": {}
          },
          "sensitive_attributes": [],
          "identity_schema_version": 0
        }
      ]
    },
    {
      "module": "module.project_setup",
      "mode": "managed",
      "type": "google_project_iam_member",
      "name": "iam_dataflow_service_agent",
      "provider": "provider[\"registry.terraform.io/hashicorp/google\"]",
      "instances": [
        {
          "schema_version": 0,
          "attributes": {
            "condition": [],
            "etag": "BwZEiYxbFFQ=",
            "id": "traffic-generator-479416/roles/dataflow.serviceAgent/serviceAccount:service-202141185106@dataflow-service-producer-prod.iam.gserviceaccount.com",
            "member": "serviceAccount:service-202141185106@dataflow-service-producer-prod.iam.gserviceaccount.com",
            "project": "traffic-generator-479416",
            "role": "roles/dataflow.serviceAgent"
          },
          "sensitive_attributes": [],
          "identity_schema_version": 0,
          "private": "bnVsbA==",
          "dependencies": [
            "module.project_setup.data.google_project.current",
            "module.project_setup.google_project_service.services",
            "module.project_setup.google_service_account.sa_dataflow_worker"
          ]
        }
      ]
    },
    {
      "module": "module.project_setup",
      "mode": "managed",
      "type": "google_project_iam_member",
      "name": "iam_df_bq_editor",
      "provider": "provider[\"registry.terraform.io/hashicorp/google\"]",
      "instances": [
        {
          "schema_version": 0,
          "attributes": {
            "condition": [],
            "etag": "BwZEiYxbFFQ=",
            "id": "traffic-generator-479416/roles/bigquery.dataEditor/serviceAccount:sa-dataflow-worker@traffic-generator-479416.iam.gserviceaccount.com",
            "member": "serviceAccount:sa-dataflow-worker@traffic-generator-479416.iam.gserviceaccount.com",
            "project": "traffic-generator-479416",
            "role": "roles/bigquery.dataEditor"
          },
          "sensitive_attributes": [],
          "identity_schema_version": 0,
          "private": "bnVsbA==",
          "dependencies": [
            "module.project_setup.google_project_service.services",
            "module.project_setup.google_service_account.sa_dataflow_worker"
          ]
        }
      ]
    },
    {
      "module": "module.project_setup",
      "mode": "managed",
      "type": "google_project_iam_member",
      "name": "iam_df_gcs_admin",
      "provider": "provider[\"registry.terraform.io/hashicorp/google\"]",
      "instances": [
        {
          "schema_version": 0,
          "attributes": {
            "condition": [],
            "etag": "BwZEiYxbFFQ=",
            "id": "traffic-generator-479416/roles/storage.objectAdmin/serviceAccount:sa-dataflow-worker@traffic-generator-479416.iam.gserviceaccount.com",
            "member": "serviceAccount:sa-dataflow-worker@traffic-generator-479416.iam.gserviceaccount.com",
            "project": "traffic-generator-479416",
            "role": "roles/storage.objectAdmin"
          },
          "sensitive_attributes": [],
          "identity_schema_version": 0,
          "private": "bnVsbA==",
          "dependencies": [
            "module.project_setup.google_project_service.services",
            "module.project_setup.google_service_account.sa_dataflow_worker"
          ]
        }
      ]
    },
    {
      "module": "module.project_setup",
      "mode": "managed",
      "type": "google_project_iam_member",
      "name": "iam_df_worker_role",
      "provider": "provider[\"registry.terraform.io/hashicorp/google\"]",
      "instances": [
        {
          "schema_version": 0,
          "attributes": {
            "condition": [],
            "etag": "BwZEiYxbFFQ=",
            "id": "traffic-generator-479416/roles/dataflow.worker/serviceAccount:sa-dataflow-worker@traffic-generator-479416.iam.gserviceaccount.com",
            "member": "serviceAccount:sa-dataflow-worker@traffic-generator-479416.iam.gserviceaccount.com",
            "project": "traffic-generator-479416",
            "role": "roles/dataflow.worker"
          },
          "sensitive_attributes": [],
          "identity_schema_version": 0,
          "private": "bnVsbA==",
          "dependencies": [
            "module.project_setup.google_project_service.services",
            "module.project_setup.google_service_account.sa_dataflow_worker"
          ]
        }
      ]
    },
    {
      "module": "module.project_setup",
      "mode": "managed",
      "type": "google_project_iam_member",
      "name": "iam_vm_gcs_creator",
      "provider": "provider[\"registry.terraform.io/hashicorp/google\"]",
      "instances": [
        {
          "schema_version": 0,
          "attributes": {
            "condition": [],
            "etag": "BwZEiYxbFFQ=",
            "id": "traffic-generator-479416/roles/storage.objectCreator/serviceAccount:sa-traffic-generator@traffic-generator-479416.iam.gserviceaccount.com",
            "member": "serviceAccount:sa-traffic-generator@traffic-generator-479416.iam.gserviceaccount.com",
            "project": "traffic-generator-479416",
            "role": "roles/storage.objectCreator"
          },
          "sensitive_attributes": [],
          "identity_schema_version": 0,
          "private": "bnVsbA==",
          "dependencies": [
            "module.project_setup.google_project_service.services",
            "module.project_setup.google_service_account.sa_vm_traffic"
          ]
        }
      ]
    },
    {
      "module": "module.project_setup",
      "mode": "managed",
      "type": "google_project_iam_member",
      "name": "iam_vm_network_user",
      "provider": "provider[\"registry.terraform.io/hashicorp/google\"]",
      "instances": [
        {
          "schema_version": 0,
          "attributes": {
            "condition": [],
            "etag": "BwZEiYxbFFQ=",
            "id": "traffic-generator-479416/roles/compute.networkUser/serviceAccount:sa-traffic-generator@traffic-generator-479416.iam.gserviceaccount.com",
            "member": "serviceAccount:sa-traffic-generator@traffic-generator-479416.iam.gserviceaccount.com",
            "project": "traffic-generator-479416",
            "role": "roles/compute.networkUser"
          },
          "sensitive_attributes": [],
          "identity_schema_version": 0,
          "private": "bnVsbA==",
          "dependencies": [
            "module.project_setup.google_project_service.services",
            "module.project_setup.google_service_account.sa_vm_traffic"
          ]
        }
      ]
    },
    {
      "module": "module.project_setup",
      "mode": "managed",
      "type": "google_project_service",
      "name": "services",
      "provider": "provider[\"registry.terraform.io/hashicorp/google\"]",
      "instances": [
        {
          "index_key": "bigquery.googleapis.com",
          "schema_version": 0,
          "attributes": {
            "disable_dependent_services": false,
            "disable_on_destroy": false,
            "id": "traffic-generator-479416/bigquery.googleapis.com",
            "project": "traffic-generator-479416",
            "service": "bigquery.googleapis.com",
            "timeouts": null
          },
          "sensitive_attributes": [],
          "identity_schema_version": 0,
          "private": "eyJlMmJmYjczMC1lY2FhLTExZTYtOGY4OC0zNDM2M2JjN2M0YzAiOnsiY3JlYXRlIjoxMjAwMDAwMDAwMDAwLCJkZWxldGUiOjEyMDAwMDAwMDAwMDAsInJlYWQiOjYwMDAwMDAwMDAwMCwidXBkYXRlIjoxMjAwMDAwMDAwMDAwfX0="
        },
        {
          "index_key": "cloudresourcemanager.googleapis.com",
          "schema_version": 0,
          "attributes": {
            "disable_dependent_services": false,
            "disable_on_destroy": false,
            "id": "traffic-generator-479416/cloudresourcemanager.googleapis.com",
            "project": "traffic-generator-479416",
            "service": "cloudresourcemanager.googleapis.com",
            "timeouts": null
          },
          "sensitive_attributes": [],
          "identity_schema_version": 0,
          "private": "eyJlMmJmYjczMC1lY2FhLTExZTYtOGY4OC0zNDM2M2JjN2M0YzAiOnsiY3JlYXRlIjoxMjAwMDAwMDAwMDAwLCJkZWxldGUiOjEyMDAwMDAwMDAwMDAsInJlYWQiOjYwMDAwMDAwMDAwMCwidXBkYXRlIjoxMjAwMDAwMDAwMDAwfX0="
        },
        {
          "index_key": "compute.googleapis.com",
          "schema_version": 0,
          "attributes": {
            "disable_dependent_services": false,
            "disable_on_destroy": false,
            "id": "traffic-generator-479416/compute.googleapis.com",
            "project": "traffic-generator-479416",
            "service": "compute.googleapis.com",
            "timeouts": null
          },
          "sensitive_attributes": [],
          "identity_schema_version": 0,
          "private": "eyJlMmJmYjczMC1lY2FhLTExZTYtOGY4OC0zNDM2M2JjN2M0YzAiOnsiY3JlYXRlIjoxMjAwMDAwMDAwMDAwLCJkZWxldGUiOjEyMDAwMDAwMDAwMDAsInJlYWQiOjYwMDAwMDAwMDAwMCwidXBkYXRlIjoxMjAwMDAwMDAwMDAwfX0="
        },
        {
          "index_key": "dataflow.googleapis.com",
          "schema_version": 0,
          "attributes": {
            "disable_dependent_services": false,
            "disable_on_destroy": false,
            "id": "traffic-generator-479416/dataflow.googleapis.com",
            "project": "traffic-generator-479416",
            "service": "dataflow.googleapis.com",
            "timeouts": null
          },
          "sensitive_attributes": [],
          "identity_schema_version": 0,
          "private": "eyJlMmJmYjczMC1lY2FhLTExZTYtOGY4OC0zNDM2M2JjN2M0YzAiOnsiY3JlYXRlIjoxMjAwMDAwMDAwMDAwLCJkZWxldGUiOjEyMDAwMDAwMDAwMDAsInJlYWQiOjYwMDAwMDAwMDAwMCwidXBkYXRlIjoxMjAwMDAwMDAwMDAwfX0="
        },
        {
          "index_key": "iam.googleapis.com",
          "schema_version": 0,
          "attributes": {
            "disable_dependent_services": false,
            "disable_on_destroy": false,
            "id": "traffic-generator-479416/iam.googleapis.com",
            "project": "traffic-generator-479416",
            "service": "iam.googleapis.com",
            "timeouts": null
          },
          "sensitive_attributes": [],
          "identity_schema_version": 0,
          "private": "eyJlMmJmYjczMC1lY2FhLTExZTYtOGY4OC0zNDM2M2JjN2M0YzAiOnsiY3JlYXRlIjoxMjAwMDAwMDAwMDAwLCJkZWxldGUiOjEyMDAwMDAwMDAwMDAsInJlYWQiOjYwMDAwMDAwMDAwMCwidXBkYXRlIjoxMjAwMDAwMDAwMDAwfX0="
        },
        {
          "index_key": "pubsub.googleapis.com",
          "schema_version": 0,
          "attributes": {
            "disable_dependent_services": false,
            "disable_on_destroy": false,
            "id": "traffic-generator-479416/pubsub.googleapis.com",
            "project": "traffic-generator-479416",
            "service": "pubsub.googleapis.com",
            "timeouts": null
          },
          "sensitive_attributes": [],
          "identity_schema_version": 0,
          "private": "eyJlMmJmYjczMC1lY2FhLTExZTYtOGY4OC0zNDM2M2JjN2M0YzAiOnsiY3JlYXRlIjoxMjAwMDAwMDAwMDAwLCJkZWxldGUiOjEyMDAwMDAwMDAwMDAsInJlYWQiOjYwMDAwMDAwMDAwMCwidXBkYXRlIjoxMjAwMDAwMDAwMDAwfX0="
        },
        {
          "index_key": "serviceusage.googleapis.com",
          "schema_version": 0,
          "attributes": {
            "disable_dependent_services": false,
            "disable_on_destroy": false,
            "id": "traffic-generator-479416/serviceusage.googleapis.com",
            "project": "traffic-generator-479416",
            "service": "serviceusage.googleapis.com",
            "timeouts": null
          },
          "sensitive_attributes": [],
          "identity_schema_version": 0,
          "private": "eyJlMmJmYjczMC1lY2FhLTExZTYtOGY4OC0zNDM2M2JjN2M0YzAiOnsiY3JlYXRlIjoxMjAwMDAwMDAwMDAwLCJkZWxldGUiOjEyMDAwMDAwMDAwMDAsInJlYWQiOjYwMDAwMDAwMDAwMCwidXBkYXRlIjoxMjAwMDAwMDAwMDAwfX0="
        },
        {
          "index_key": "storage-api.googleapis.com",
          "schema_version": 0,
          "attributes": {
            "disable_dependent_services": false,
            "disable_on_destroy": false,
            "id": "traffic-generator-479416/storage-api.googleapis.com",
            "project": "traffic-generator-479416",
            "service": "storage-api.googleapis.com",
            "timeouts": null
          },
          "sensitive_attributes": [],
          "identity_schema_version": 0,
          "private": "eyJlMmJmYjczMC1lY2FhLTExZTYtOGY4OC0zNDM2M2JjN2M0YzAiOnsiY3JlYXRlIjoxMjAwMDAwMDAwMDAwLCJkZWxldGUiOjEyMDAwMDAwMDAwMDAsInJlYWQiOjYwMDAwMDAwMDAwMCwidXBkYXRlIjoxMjAwMDAwMDAwMDAwfX0="
        }
      ]
    },
    {
      "module": "module.project_setup",
      "mode": "managed",
      "type": "google_service_account",
      "name": "sa_dataflow_worker",
      "provider": "provider[\"registry.terraform.io/hashicorp/google\"]",
      "instances": [
        {
          "schema_version": 0,
          "attributes": {
            "account_id": "sa-dataflow-worker",
            "create_ignore_already_exists": null,
            "description": "",
            "disabled": false,
            "display_name": "SA para Workers de Dataflow",
            "email": "sa-dataflow-worker@traffic-generator-479416.iam.gserviceaccount.com",
            "id": "projects/traffic-generator-479416/serviceAccounts/sa-dataflow-worker@traffic-generator-479416.iam.gserviceaccount.com",
            "member": "serviceAccount:sa-dataflow-worker@traffic-generator-479416.iam.gserviceaccount.com",
            "name": "projects/traffic-generator-479416/serviceAccounts/sa-dataflow-worker@traffic-generator-479416.iam.gserviceaccount.com",
            "project": "traffic-generator-479416",
            "timeouts": null,
            "unique_id": "114175927522919626045"
          },
          "sensitive_attributes": [],
          "identity_schema_version": 0,
          "private": "eyJlMmJmYjczMC1lY2FhLTExZTYtOGY4OC0zNDM2M2JjN2M0YzAiOnsiY3JlYXRlIjozMDAwMDAwMDAwMDB9fQ==",
          "dependencies": [
            "module.project_setup.google_project_service.services"
          ]
        }
      ]
    },
    {
      "module": "module.project_setup",
      "mode": "managed",
      "type": "google_service_account",
      "name": "sa_vm_traffic",
      "provider": "provider[\"registry.terraform.io/hashicorp/google\"]",
      "instances": [
        {
          "schema_version": 0,
          "attributes": {
            "account_id": "sa-traffic-generator",
            "create_ignore_already_exists": null,
            "description": "",
            "disabled": false,
            "display_name": "SA para VM Generadora de Tráfico",
            "email": "sa-traffic-generator@traffic-generator-479416.iam.gserviceaccount.com",
            "id": "projects/traffic-generator-479416/serviceAccounts/sa-traffic-generator@traffic-generator-479416.iam.gserviceaccount.com",
            "member": "serviceAccount:sa-traffic-generator@traffic-generator-479416.iam.gserviceaccount.com",
            "name": "projects/traffic-generator-479416/serviceAccounts/sa-traffic-generator@traffic-generator-479416.iam.gserviceaccount.com",
            "project": "traffic-generator-479416",
            "timeouts": null,
            "unique_id": "102072690753562047947"
          },
          "sensitive_attributes": [],
          "identity_schema_version": 0,
          "private": "eyJlMmJmYjczMC1lY2FhLTExZTYtOGY4OC0zNDM2M2JjN2M0YzAiOnsiY3JlYXRlIjozMDAwMDAwMDAwMDB9fQ==",
          "dependencies": [
            "module.project_setup.google_project_service.services"
          ]
        }
      ]
    }
  ],
  "check_results": null
}
